
Microsoft Visual Studio Solution File, Format Version 12.00
# Visual Studio Version 17
VisualStudioVersion = 17.7.34202.233
MinimumVisualStudioVersion = 10.0.40219.1
Project("{FAE04EC0-301F-11D3-BF4B-00C04F79EFBC}") = "ConsMediatR", "ConsMediatR\ConsMediatR.csproj", "{4C7F9175-04B2-4D17-A29B-C226EBC4E940}"
EndProject
Global
	GlobalSection(SolutionConfigurationPlatforms) = preSolution
		Debug|Any CPU = Debug|Any CPU
		Release|Any CPU = Release|Any CPU
	EndGlobalSection
	GlobalSection(ProjectConfigurationPlatforms) = postSolution
		{4C7F9175-04B2-4D17-A29B-C226EBC4E940}.Debug|Any CPU.ActiveCfg = Debug|Any CPU
		{4C7F9175-04B2-4D17-A29B-C226EBC4E940}.Debug|Any CPU.Build.0 = Debug|Any CPU
		{4C7F9175-04B2-4D17-A29B-C226EBC4E940}.Release|Any CPU.ActiveCfg = Release|Any CPU
		{4C7F9175-04B2-4D17-A29B-C226EBC4E940}.Release|Any CPU.Build.0 = Release|Any CPU
	EndGlobalSection
	GlobalSection(SolutionProperties) = preSolution
		HideSolutionNode = FALSE
	EndGlobalSection
	GlobalSection(ExtensibilityGlobals) = postSolution
		SolutionGuid = {76087C5F-68BC-4C56-AD34-15BBFC7FB23E}
	EndGlobalSection
EndGlobal
